
Microsoft Visual Studio Solution File, Format Version 12.00
# Visual Studio Version 17
VisualStudioVersion = 17.8.34330.188
MinimumVisualStudioVersion = 10.0.40219.1
Project("{FAE04EC0-301F-11D3-BF4B-00C04F79EFBC}") = "ForceTeleportAll", "ForceTeleportAll.csproj", "{400E4F1B-7434-404A-87C0-4C37EC11CD5B}"
EndProject
Global
	GlobalSection(SolutionConfigurationPlatforms) = preSolution
		Debug|Any CPU = Debug|Any CPU
		Release|Any CPU = Release|Any CPU
	EndGlobalSection
	GlobalSection(ProjectConfigurationPlatforms) = postSolution
		{400E4F1B-7434-404A-87C0-4C37EC11CD5B}.Debug|Any CPU.ActiveCfg = Debug|Any CPU
		{400E4F1B-7434-404A-87C0-4C37EC11CD5B}.Debug|Any CPU.Build.0 = Debug|Any CPU
		{400E4F1B-7434-404A-87C0-4C37EC11CD5B}.Release|Any CPU.ActiveCfg = Release|Any CPU
		{400E4F1B-7434-404A-87C0-4C37EC11CD5B}.Release|Any CPU.Build.0 = Release|Any CPU
	EndGlobalSection
	GlobalSection(SolutionProperties) = preSolution
		HideSolutionNode = FALSE
	EndGlobalSection
	GlobalSection(ExtensibilityGlobals) = postSolution
		SolutionGuid = {781DC2D1-08EC-4B56-92C1-1B5C3331E118}
	EndGlobalSection
EndGlobal
